
Microsoft Visual Studio Solution File, Format Version 12.00
# Visual Studio Version 17
VisualStudioVersion = 17.5.33414.496
MinimumVisualStudioVersion = 10.0.40219.1
Project("{FAE04EC0-301F-11D3-BF4B-00C04F79EFBC}") = "MachineDetailsAPI", "MachineDetailsAPI\MachineDetailsAPI.csproj", "{5A84C2B0-94AE-4D38-B9A7-F45299D576BD}"
EndProject
Global
	GlobalSection(SolutionConfigurationPlatforms) = preSolution
		Debug|Any CPU = Debug|Any CPU
		Release|Any CPU = Release|Any CPU
	EndGlobalSection
	GlobalSection(ProjectConfigurationPlatforms) = postSolution
		{5A84C2B0-94AE-4D38-B9A7-F45299D576BD}.Debug|Any CPU.ActiveCfg = Debug|Any CPU
		{5A84C2B0-94AE-4D38-B9A7-F45299D576BD}.Debug|Any CPU.Build.0 = Debug|Any CPU
		{5A84C2B0-94AE-4D38-B9A7-F45299D576BD}.Release|Any CPU.ActiveCfg = Release|Any CPU
		{5A84C2B0-94AE-4D38-B9A7-F45299D576BD}.Release|Any CPU.Build.0 = Release|Any CPU
	EndGlobalSection
	GlobalSection(SolutionProperties) = preSolution
		HideSolutionNode = FALSE
	EndGlobalSection
	GlobalSection(ExtensibilityGlobals) = postSolution
		SolutionGuid = {A0DC8CBE-828A-4EA4-B836-F0B007A8A721}
	EndGlobalSection
EndGlobal
